{
  "name": "typescript-nodejs-server",
  "version": "1.0.0",
  "lockfileVersion": 1,
  "requires": true,
  "dependencies": {
    "@types/node": {
      "version": "8.5.5",
      "resolved": "https://registry.npmjs.org/@types/node/-/node-8.5.5.tgz",
      "integrity": "sha512-JRnfoh0Ll4ElmIXKxbUfcOodkGvcNHljct6mO1X9hE/mlrMzAx0hYCLAD7sgT53YAY1HdlpzUcV0CkmDqUqTuA==",
      "dev": true
    },
    "@types/superagent": {
      "version": "3.5.6",
      "resolved": "https://registry.npmjs.org/@types/superagent/-/superagent-3.5.6.tgz",
      "integrity": "sha512-yGiVkRbB1qtIkRCpEJIxlHazBoILmu33xbbu4IiwxTJjwDi/EudiPYAD7QwWe035jkE40yQgTVXZsAePFtleww==",
      "dev": true,
      "requires": {
        "@types/node": "8.5.5"
      }
    },
    "@types/supertest": {
      "version": "2.0.4",
      "resolved": "https://registry.npmjs.org/@types/supertest/-/supertest-2.0.4.tgz",
      "integrity": "sha512-0TvOJ+6XVMSImgqc2ClNllfVffCxHQhFbsbwOGzGTjdFydoaG052LPqnP8SnmSlnokOcQiPPcbz+Yi30LxWPyA==",
      "dev": true,
      "requires": {
        "@types/superagent": "3.5.6"
      }
    }
  }
}
